
Microsoft Visual Studio Solution File, Format Version 12.00
# Visual Studio Version 16
VisualStudioVersion = 16.0.31321.278
MinimumVisualStudioVersion = 10.0.40219.1
Project("{FAE04EC0-301F-11D3-BF4B-00C04F79EFBC}") = "kk_lib_getFromDB", "kk_lib_getFromDB.csproj", "{D2A455E4-7E8F-41A5-B875-BC78555652A8}"
EndProject
Project("{FAE04EC0-301F-11D3-BF4B-00C04F79EFBC}") = "ShowCase", "..\ShowCase\ShowCase.csproj", "{5B4298EB-D3CC-4AB7-BF4B-DDEF1CE076D1}"
EndProject
Global
	GlobalSection(SolutionConfigurationPlatforms) = preSolution
		Debug|Any CPU = Debug|Any CPU
		Release|Any CPU = Release|Any CPU
	EndGlobalSection
	GlobalSection(ProjectConfigurationPlatforms) = postSolution
		{D2A455E4-7E8F-41A5-B875-BC78555652A8}.Debug|Any CPU.ActiveCfg = Debug|Any CPU
		{D2A455E4-7E8F-41A5-B875-BC78555652A8}.Debug|Any CPU.Build.0 = Debug|Any CPU
		{D2A455E4-7E8F-41A5-B875-BC78555652A8}.Release|Any CPU.ActiveCfg = Release|Any CPU
		{D2A455E4-7E8F-41A5-B875-BC78555652A8}.Release|Any CPU.Build.0 = Release|Any CPU
		{5B4298EB-D3CC-4AB7-BF4B-DDEF1CE076D1}.Debug|Any CPU.ActiveCfg = Debug|Any CPU
		{5B4298EB-D3CC-4AB7-BF4B-DDEF1CE076D1}.Debug|Any CPU.Build.0 = Debug|Any CPU
		{5B4298EB-D3CC-4AB7-BF4B-DDEF1CE076D1}.Release|Any CPU.ActiveCfg = Release|Any CPU
		{5B4298EB-D3CC-4AB7-BF4B-DDEF1CE076D1}.Release|Any CPU.Build.0 = Release|Any CPU
	EndGlobalSection
	GlobalSection(SolutionProperties) = preSolution
		HideSolutionNode = FALSE
	EndGlobalSection
	GlobalSection(ExtensibilityGlobals) = postSolution
		SolutionGuid = {72BD0E16-DF0A-4888-99CA-C8E2C4D1EA4E}
	EndGlobalSection
EndGlobal
